# This file is automatically @generated by Cargo.
# It is not intended for manual editing.
version = 4

[[package]]
name = "tauri-plugin-tradr"
version = "0.1.0"
dependencies = [
 "tradr-core",
 "tradr-discovery",
 "tradr-identity",
 "tradr-transport",
 "tradr-vfs",
]

[[package]]
name = "tradr-core"
version = "0.1.0"

[[package]]
name = "tradr-discovery"
version = "0.1.0"
dependencies = [
 "tradr-core",
]

[[package]]
name = "tradr-identity"
version = "0.1.0"
dependencies = [
 "tradr-core",
]

[[package]]
name = "tradr-transport"
version = "0.1.0"
dependencies = [
 "tradr-core",
]

[[package]]
name = "tradr-vfs"
version = "0.1.0"
dependencies = [
 "tradr-core",
]
